
Microsoft Visual Studio Solution File, Format Version 12.00
# Visual Studio 14
VisualStudioVersion = 14.0.25420.1
MinimumVisualStudioVersion = 10.0.40219.1
Project("{FAE04EC0-301F-11D3-BF4B-00C04F79EFBC}") = "Message.Infrastructure.Prototype", "Message.Infrastructure.Prototype\Message.Infrastructure.Prototype.csproj", "{C207BFB8-32C7-4E02-9DFA-F2D401AFDB61}"
EndProject
Project("{FAE04EC0-301F-11D3-BF4B-00C04F79EFBC}") = "Message.Implementation.Prototype", "Message.Implementation.Prototype\Message.Implementation.Prototype.csproj", "{CC04E28A-0CCB-4CE6-B43B-F12A0D80C506}"
EndProject
Project("{FAE04EC0-301F-11D3-BF4B-00C04F79EFBC}") = "Message.Console.Prototype", "Message.Console.Prototype\Message.Console.Prototype.csproj", "{A1B85B83-1534-49F1-9D9B-C356654528BA}"
EndProject
Project("{FAE04EC0-301F-11D3-BF4B-00C04F79EFBC}") = "Message.Events.Prototype", "Message.Events.Prototype\Message.Events.Prototype.csproj", "{D03EB4D6-E6A3-4276-91C4-1778BAA79C0F}"
EndProject
Project("{FAE04EC0-301F-11D3-BF4B-00C04F79EFBC}") = "Message.Domain.Prototype", "Message.Domain.Prototype\Message.Domain.Prototype.csproj", "{6933CF5B-4667-4D09-9E35-6F3BBC5A32D0}"
EndProject
Global
	GlobalSection(SolutionConfigurationPlatforms) = preSolution
		Debug|Any CPU = Debug|Any CPU
		Release|Any CPU = Release|Any CPU
	EndGlobalSection
	GlobalSection(ProjectConfigurationPlatforms) = postSolution
		{C207BFB8-32C7-4E02-9DFA-F2D401AFDB61}.Debug|Any CPU.ActiveCfg = Debug|Any CPU
		{C207BFB8-32C7-4E02-9DFA-F2D401AFDB61}.Debug|Any CPU.Build.0 = Debug|Any CPU
		{C207BFB8-32C7-4E02-9DFA-F2D401AFDB61}.Release|Any CPU.ActiveCfg = Release|Any CPU
		{C207BFB8-32C7-4E02-9DFA-F2D401AFDB61}.Release|Any CPU.Build.0 = Release|Any CPU
		{CC04E28A-0CCB-4CE6-B43B-F12A0D80C506}.Debug|Any CPU.ActiveCfg = Debug|Any CPU
		{CC04E28A-0CCB-4CE6-B43B-F12A0D80C506}.Debug|Any CPU.Build.0 = Debug|Any CPU
		{CC04E28A-0CCB-4CE6-B43B-F12A0D80C506}.Release|Any CPU.ActiveCfg = Release|Any CPU
		{CC04E28A-0CCB-4CE6-B43B-F12A0D80C506}.Release|Any CPU.Build.0 = Release|Any CPU
		{A1B85B83-1534-49F1-9D9B-C356654528BA}.Debug|Any CPU.ActiveCfg = Debug|Any CPU
		{A1B85B83-1534-49F1-9D9B-C356654528BA}.Debug|Any CPU.Build.0 = Debug|Any CPU
		{A1B85B83-1534-49F1-9D9B-C356654528BA}.Release|Any CPU.ActiveCfg = Release|Any CPU
		{A1B85B83-1534-49F1-9D9B-C356654528BA}.Release|Any CPU.Build.0 = Release|Any CPU
		{D03EB4D6-E6A3-4276-91C4-1778BAA79C0F}.Debug|Any CPU.ActiveCfg = Debug|Any CPU
		{D03EB4D6-E6A3-4276-91C4-1778BAA79C0F}.Debug|Any CPU.Build.0 = Debug|Any CPU
		{D03EB4D6-E6A3-4276-91C4-1778BAA79C0F}.Release|Any CPU.ActiveCfg = Release|Any CPU
		{D03EB4D6-E6A3-4276-91C4-1778BAA79C0F}.Release|Any CPU.Build.0 = Release|Any CPU
		{6933CF5B-4667-4D09-9E35-6F3BBC5A32D0}.Debug|Any CPU.ActiveCfg = Debug|Any CPU
		{6933CF5B-4667-4D09-9E35-6F3BBC5A32D0}.Debug|Any CPU.Build.0 = Debug|Any CPU
		{6933CF5B-4667-4D09-9E35-6F3BBC5A32D0}.Release|Any CPU.ActiveCfg = Release|Any CPU
		{6933CF5B-4667-4D09-9E35-6F3BBC5A32D0}.Release|Any CPU.Build.0 = Release|Any CPU
	EndGlobalSection
	GlobalSection(SolutionProperties) = preSolution
		HideSolutionNode = FALSE
	EndGlobalSection
EndGlobal
